// !$*UTF8*$!
{
	archiveVersion = 1;
	classes = {
	};
	objectVersion = 56;
	objects = {

/* Begin PBXBuildFile section */
		5C38E08C2B57101A00597581 /* AppDelegate.swift in Sources */ = {isa = PBXBuildFile; fileRef = 5C38E08B2B57101A00597581 /* AppDelegate.swift */; };
		5C38E08E2B57101A00597581 /* SceneDelegate.swift in Sources */ = {isa = PBXBuildFile; fileRef = 5C38E08D2B57101A00597581 /* SceneDelegate.swift */; };
		5C38E0902B57101A00597581 /* ViewController.swift in Sources */ = {isa = PBXBuildFile; fileRef = 5C38E08F2B57101A00597581 /* ViewController.swift */; };
		5C38E0932B57101A00597581 /* Main.storyboard in Resources */ = {isa = PBXBuildFile; fileRef = 5C38E0912B57101A00597581 /* Main.storyboard */; };
		5C38E0952B57101C00597581 /* Assets.xcassets in Resources */ = {isa = PBXBuildFile; fileRef = 5C38E0942B57101C00597581 /* Assets.xcassets */; };
		5C38E0982B57101C00597581 /* LaunchScreen.storyboard in Resources */ = {isa = PBXBuildFile; fileRef = 5C38E0962B57101C00597581 /* LaunchScreen.storyboard */; };
		5C38E0A32B57101C00597581 /* SwiftPreworkTests.swift in Sources */ = {isa = PBXBuildFile; fileRef = 5C38E0A22B57101C00597581 /* SwiftPreworkTests.swift */; };
		5C38E0AD2B57101C00597581 /* SwiftPreworkUITests.swift in Sources */ = {isa = PBXBuildFile; fileRef = 5C38E0AC2B57101C00597581 /* SwiftPreworkUITests.swift */; };
		5C38E0AF2B57101C00597581 /* SwiftPreworkUITestsLaunchTests.swift in Sources */ = {isa = PBXBuildFile; fileRef = 5C38E0AE2B57101C00597581 /* SwiftPreworkUITestsLaunchTests.swift */; };
/* End PBXBuildFile section */

/* Begin PBXContainerItemProxy section */
		5C38E09F2B57101C00597581 /* PBXContainerItemProxy */ = {
			isa = PBXContainerItemProxy;
			containerPortal = 5C38E0802B57101A00597581 /* Project object */;
			proxyType = 1;
			remoteGlobalIDString = 5C38E0872B57101A00597581;
			remoteInfo = SwiftPrework;
		};
		5C38E0A92B57101C00597581 /* PBXContainerItemProxy */ = {
			isa = PBXContainerItemProxy;
			containerPortal = 5C38E0802B57101A00597581 /* Project object */;
			proxyType = 1;
			remoteGlobalIDString = 5C38E0872B57101A00597581;
			remoteInfo = SwiftPrework;
		};
/* End PBXContainerItemProxy section */

/* Begin PBXFileReference section */
		5C38E0882B57101A00597581 /* SwiftPrework.app */ = {isa = PBXFileReference; explicitFileType = wrapper.application; includeInIndex = 0; path = SwiftPrework.app; sourceTree = BUILT_PRODUCTS_DIR; };
		5C38E08B2B57101A00597581 /* AppDelegate.swift */ = {isa = PBXFileReference; lastKnownFileType = sourcecode.swift; path = AppDelegate.swift; sourceTree = "<group>"; };
		5C38E08D2B57101A00597581 /* SceneDelegate.swift */ = {isa = PBXFileReference; lastKnownFileType = sourcecode.swift; path = SceneDelegate.swift; sourceTree = "<group>"; };
		5C38E08F2B57101A00597581 /* ViewController.swift */ = {isa = PBXFileReference; lastKnownFileType = sourcecode.swift; path = ViewController.swift; sourceTree = "<group>"; };
		5C38E0922B57101A00597581 /* Base */ = {isa = PBXFileReference; lastKnownFileType = file.storyboard; name = Base; path = Base.lproj/Main.storyboard; sourceTree = "<group>"; };
		5C38E0942B57101C00597581 /* Assets.xcassets */ = {isa = PBXFileReference; lastKnownFileType = folder.assetcatalog; path = Assets.xcassets; sourceTree = "<group>"; };
		5C38E0972B57101C00597581 /* Base */ = {isa = PBXFileReference; lastKnownFileType = file.storyboard; name = Base; path = Base.lproj/LaunchScreen.storyboard; sourceTree = "<group>"; };
		5C38E0992B57101C00597581 /* Info.plist */ = {isa = PBXFileReference; lastKnownFileType = text.plist.xml; path = Info.plist; sourceTree = "<group>"; };
		5C38E09E2B57101C00597581 /* SwiftPreworkTests.xctest */ = {isa = PBXFileReference; explicitFileType = wrapper.cfbundle; includeInIndex = 0; path = SwiftPreworkTests.xctest; sourceTree = BUILT_PRODUCTS_DIR; };
		5C38E0A22B57101C00597581 /* SwiftPreworkTests.swift */ = {isa = PBXFileReference; lastKnownFileType = sourcecode.swift; path = SwiftPreworkTests.swift; sourceTree = "<group>"; };
		5C38E0A82B57101C00597581 /* SwiftPreworkUITests.xctest */ = {isa = PBXFileReference; explicitFileType = wrapper.cfbundle; includeInIndex = 0; path = SwiftPreworkUITests.xctest; sourceTree = BUILT_PRODUCTS_DIR; };
		5C38E0AC2B57101C00597581 /* SwiftPreworkUITests.swift */ = {isa = PBXFileReference; lastKnownFileType = sourcecode.swift; path = SwiftPreworkUITests.swift; sourceTree = "<group>"; };
		5C38E0AE2B57101C00597581 /* SwiftPreworkUITestsLaunchTests.swift */ = {isa = PBXFileReference; lastKnownFileType = sourcecode.swift; path = SwiftPreworkUITestsLaunchTests.swift; sourceTree = "<group>"; };
/* End PBXFileReference section */

/* Begin PBXFrameworksBuildPhase section */
		5C38E0852B57101A00597581 /* Frameworks */ = {
			isa = PBXFrameworksBuildPhase;
			buildActionMask = 2147483647;
			files = (
			);
			runOnlyForDeploymentPostprocessing = 0;
		};
		5C38E09B2B57101C00597581 /* Frameworks */ = {
			isa = PBXFrameworksBuildPhase;
			buildActionMask = 2147483647;
			files = (
			);
			runOnlyForDeploymentPostprocessing = 0;
		};
		5C38E0A52B57101C00597581 /* Frameworks */ = {
			isa = PBXFrameworksBuildPhase;
			buildActionMask = 2147483647;
			files = (
			);
			runOnlyForDeploymentPostprocessing = 0;
		};
/* End PBXFrameworksBuildPhase section */

/* Begin PBXGroup section */
		5C38E07F2B57101A00597581 = {
			isa = PBXGroup;
			children = (
				5C38E08A2B57101A00597581 /* SwiftPrework */,
				5C38E0A12B57101C00597581 /* SwiftPreworkTests */,
				5C38E0AB2B57101C00597581 /* SwiftPreworkUITests */,
				5C38E0892B57101A00597581 /* Products */,
			);
			sourceTree = "<group>";
		};
		5C38E0892B57101A00597581 /* Products */ = {
			isa = PBXGroup;
			children = (
				5C38E0882B57101A00597581 /* SwiftPrework.app */,
				5C38E09E2B57101C00597581 /* SwiftPreworkTests.xctest */,
				5C38E0A82B57101C00597581 /* SwiftPreworkUITests.xctest */,
			);
			name = Products;
			sourceTree = "<group>";
		};
		5C38E08A2B57101A00597581 /* SwiftPrework */ = {
			isa = PBXGroup;
			children = (
				5C38E08B2B57101A00597581 /* AppDelegate.swift */,
				5C38E08D2B57101A00597581 /* SceneDelegate.swift */,
				5C38E08F2B57101A00597581 /* ViewController.swift */,
				5C38E0912B57101A00597581 /* Main.storyboard */,
				5C38E0942B57101C00597581 /* Assets.xcassets */,
				5C38E0962B57101C00597581 /* LaunchScreen.storyboard */,
				5C38E0992B57101C00597581 /* Info.plist */,
			);
			path = SwiftPrework;
			sourceTree = "<group>";
		};
		5C38E0A12B57101C00597581 /* SwiftPreworkTests */ = {
			isa = PBXGroup;
			children = (
				5C38E0A22B57101C00597581 /* SwiftPreworkTests.swift */,
			);
			path = SwiftPreworkTests;
			sourceTree = "<group>";
		};
		5C38E0AB2B57101C00597581 /* SwiftPreworkUITests */ = {
			isa = PBXGroup;
			children = (
				5C38E0AC2B57101C00597581 /* SwiftPreworkUITests.swift */,
				5C38E0AE2B57101C00597581 /* SwiftPreworkUITestsLaunchTests.swift */,
			);
			path = SwiftPreworkUITests;
			sourceTree = "<group>";
		};
/* End PBXGroup section */

/* Begin PBXNativeTarget section */
		5C38E0872B57101A00597581 /* SwiftPrework */ = {
			isa = PBXNativeTarget;
			buildConfigurationList = 5C38E0B22B57101C00597581 /* Build configuration list for PBXNativeTarget "SwiftPrework" */;
			buildPhases = (
				5C38E0842B57101A00597581 /* Sources */,
				5C38E0852B57101A00597581 /* Frameworks */,
				5C38E0862B57101A00597581 /* Resources */,
			);
			buildRules = (
			);
			dependencies = (
			);
			name = SwiftPrework;
			productName = SwiftPrework;
			productReference = 5C38E0882B57101A00597581 /* SwiftPrework.app */;
			productType = "com.apple.product-type.application";
		};
		5C38E09D2B57101C00597581 /* SwiftPreworkTests */ = {
			isa = PBXNativeTarget;
			buildConfigurationList = 5C38E0B52B57101C00597581 /* Build configuration list for PBXNativeTarget "SwiftPreworkTests" */;
			buildPhases = (
				5C38E09A2B57101C00597581 /* Sources */,
				5C38E09B2B57101C00597581 /* Frameworks */,
				5C38E09C2B57101C00597581 /* Resources */,
			);
			buildRules = (
			);
			dependencies = (
				5C38E0A02B57101C00597581 /* PBXTargetDependency */,
			);
			name = SwiftPreworkTests;
			productName = SwiftPreworkTests;
			productReference = 5C38E09E2B57101C00597581 /* SwiftPreworkTests.xctest */;
			productType = "com.apple.product-type.bundle.unit-test";
		};
		5C38E0A72B57101C00597581 /* SwiftPreworkUITests */ = {
			isa = PBXNativeTarget;
			buildConfigurationList = 5C38E0B82B57101C00597581 /* Build configuration list for PBXNativeTarget "SwiftPreworkUITests" */;
			buildPhases = (
				5C38E0A42B57101C00597581 /* Sources */,
				5C38E0A52B57101C00597581 /* Frameworks */,
				5C38E0A62B57101C00597581 /* Resources */,
			);
			buildRules = (
			);
			dependencies = (
				5C38E0AA2B57101C00597581 /* PBXTargetDependency */,
			);
			name = SwiftPreworkUITests;
			productName = SwiftPreworkUITests;
			productReference = 5C38E0A82B57101C00597581 /* SwiftPreworkUITests.xctest */;
			productType = "com.apple.product-type.bundle.ui-testing";
		};
/* End PBXNativeTarget section */

/* Begin PBXProject section */
		5C38E0802B57101A00597581 /* Project object */ = {
			isa = PBXProject;
			attributes = {
				BuildIndependentTargetsInParallel = 1;
				LastSwiftUpdateCheck = 1500;
				LastUpgradeCheck = 1500;
				TargetAttributes = {
					5C38E0872B57101A00597581 = {
						CreatedOnToolsVersion = 15.0;
					};
					5C38E09D2B57101C00597581 = {
						CreatedOnToolsVersion = 15.0;
						TestTargetID = 5C38E0872B57101A00597581;
					};
					5C38E0A72B57101C00597581 = {
						CreatedOnToolsVersion = 15.0;
						TestTargetID = 5C38E0872B57101A00597581;
					};
				};
			};
			buildConfigurationList = 5C38E0832B57101A00597581 /* Build configuration list for PBXProject "SwiftPrework" */;
			compatibilityVersion = "Xcode 14.0";
			developmentRegion = en;
			hasScannedForEncodings = 0;
			knownRegions = (
				en,
				Base,
			);
			mainGroup = 5C38E07F2B57101A00597581;
			productRefGroup = 5C38E0892B57101A00597581 /* Products */;
			projectDirPath = "";
			projectRoot = "";
			targets = (
				5C38E0872B57101A00597581 /* SwiftPrework */,
				5C38E09D2B57101C00597581 /* SwiftPreworkTests */,
				5C38E0A72B57101C00597581 /* SwiftPreworkUITests */,
			);
		};
/* End PBXProject section */

/* Begin PBXResourcesBuildPhase section */
		5C38E0862B57101A00597581 /* Resources */ = {
			isa = PBXResourcesBuildPhase;
			buildActionMask = 2147483647;
			files = (
				5C38E0982B57101C00597581 /* LaunchScreen.storyboard in Resources */,
				5C38E0952B57101C00597581 /* Assets.xcassets in Resources */,
				5C38E0932B57101A00597581 /* Main.storyboard in Resources */,
			);
			runOnlyForDeploymentPostprocessing = 0;
		};
		5C38E09C2B57101C00597581 /* Resources */ = {
			isa = PBXResourcesBuildPhase;
			buildActionMask = 2147483647;
			files = (
			);
			runOnlyForDeploymentPostprocessing = 0;
		};
		5C38E0A62B57101C00597581 /* Resources */ = {
			isa = PBXResourcesBuildPhase;
			buildActionMask = 2147483647;
			files = (
			);
			runOnlyForDeploymentPostprocessing = 0;
		};
/* End PBXResourcesBuildPhase section */

/* Begin PBXSourcesBuildPhase section */
		5C38E0842B57101A00597581 /* Sources */ = {
			isa = PBXSourcesBuildPhase;
			buildActionMask = 2147483647;
			files = (
				5C38E0902B57101A00597581 /* ViewController.swift in Sources */,
				5C38E08C2B57101A00597581 /* AppDelegate.swift in Sources */,
				5C38E08E2B57101A00597581 /* SceneDelegate.swift in Sources */,
			);
			runOnlyForDeploymentPostprocessing = 0;
		};
		5C38E09A2B57101C00597581 /* Sources */ = {
			isa = PBXSourcesBuildPhase;
			buildActionMask = 2147483647;
			files = (
				5C38E0A32B57101C00597581 /* SwiftPreworkTests.swift in Sources */,
			);
			runOnlyForDeploymentPostprocessing = 0;
		};
		5C38E0A42B57101C00597581 /* Sources */ = {
			isa = PBXSourcesBuildPhase;
			buildActionMask = 2147483647;
			files = (
				5C38E0AD2B57101C00597581 /* SwiftPreworkUITests.swift in Sources */,
				5C38E0AF2B57101C00597581 /* SwiftPreworkUITestsLaunchTests.swift in Sources */,
			);
			runOnlyForDeploymentPostprocessing = 0;
		};
/* End PBXSourcesBuildPhase section */

/* Begin PBXTargetDependency section */
		5C38E0A02B57101C00597581 /* PBXTargetDependency */ = {
			isa = PBXTargetDependency;
			target = 5C38E0872B57101A00597581 /* SwiftPrework */;
			targetProxy = 5C38E09F2B57101C00597581 /* PBXContainerItemProxy */;
		};
		5C38E0AA2B57101C00597581 /* PBXTargetDependency */ = {
			isa = PBXTargetDependency;
			target = 5C38E0872B57101A00597581 /* SwiftPrework */;
			targetProxy = 5C38E0A92B57101C00597581 /* PBXContainerItemProxy */;
		};
/* End PBXTargetDependency section */

/* Begin PBXVariantGroup section */
		5C38E0912B57101A00597581 /* Main.storyboard */ = {
			isa = PBXVariantGroup;
			children = (
				5C38E0922B57101A00597581 /* Base */,
			);
			name = Main.storyboard;
			sourceTree = "<group>";
		};
		5C38E0962B57101C00597581 /* LaunchScreen.storyboard */ = {
			isa = PBXVariantGroup;
			children = (
				5C38E0972B57101C00597581 /* Base */,
			);
			name = LaunchScreen.storyboard;
			sourceTree = "<group>";
		};
/* End PBXVariantGroup section */

/* Begin XCBuildConfiguration section */
		5C38E0B02B57101C00597581 /* Debug */ = {
			isa = XCBuildConfiguration;
			buildSettings = {
				ALWAYS_SEARCH_USER_PATHS = NO;
				ASSETCATALOG_COMPILER_GENERATE_SWIFT_ASSET_SYMBOL_EXTENSIONS = YES;
				CLANG_ANALYZER_NONNULL = YES;
				CLANG_ANALYZER_NUMBER_OBJECT_CONVERSION = YES_AGGRESSIVE;
				CLANG_CXX_LANGUAGE_STANDARD = "gnu++20";
				CLANG_ENABLE_MODULES = YES;
				CLANG_ENABLE_OBJC_ARC = YES;
				CLANG_ENABLE_OBJC_WEAK = YES;
				CLANG_WARN_BLOCK_CAPTURE_AUTORELEASING = YES;
				CLANG_WARN_BOOL_CONVERSION = YES;
				CLANG_WARN_COMMA = YES;
				CLANG_WARN_CONSTANT_CONVERSION = YES;
				CLANG_WARN_DEPRECATED_OBJC_IMPLEMENTATIONS = YES;
				CLANG_WARN_DIRECT_OBJC_ISA_USAGE = YES_ERROR;
				CLANG_WARN_DOCUMENTATION_COMMENTS = YES;
				CLANG_WARN_EMPTY_BODY = YES;
				CLANG_WARN_ENUM_CONVERSION = YES;
				CLANG_WARN_INFINITE_RECURSION = YES;
				CLANG_WARN_INT_CONVERSION = YES;
				CLANG_WARN_NON_LITERAL_NULL_CONVERSION = YES;
				CLANG_WARN_OBJC_IMPLICIT_RETAIN_SELF = YES;
				CLANG_WARN_OBJC_LITERAL_CONVERSION = YES;
				CLANG_WARN_OBJC_ROOT_CLASS = YES_ERROR;
				CLANG_WARN_QUOTED_INCLUDE_IN_FRAMEWORK_HEADER = YES;
				CLANG_WARN_RANGE_LOOP_ANALYSIS = YES;
				CLANG_WARN_STRICT_PROTOTYPES = YES;
				CLANG_WARN_SUSPICIOUS_MOVE = YES;
				CLANG_WARN_UNGUARDED_AVAILABILITY = YES_AGGRESSIVE;
				CLANG_WARN_UNREACHABLE_CODE = YES;
				CLANG_WARN__DUPLICATE_METHOD_MATCH = YES;
				COPY_PHASE_STRIP = NO;
				DEBUG_INFORMATION_FORMAT = dwarf;
				ENABLE_STRICT_OBJC_MSGSEND = YES;
				ENABLE_TESTABILITY = YES;
				ENABLE_USER_SCRIPT_SANDBOXING = YES;
				GCC_C_LANGUAGE_STANDARD = gnu17;
				GCC_DYNAMIC_NO_PIC = NO;
				GCC_NO_COMMON_BLOCKS = YES;
				GCC_OPTIMIZATION_LEVEL = 0;
				GCC_PREPROCESSOR_DEFINITIONS = (
					"DEBUG=1",
					"$(inherited)",
				);
				GCC_WARN_64_TO_32_BIT_CONVERSION = YES;
				GCC_WARN_ABOUT_RETURN_TYPE = YES_ERROR;
				GCC_WARN_UNDECLARED_SELECTOR = YES;
				GCC_WARN_UNINITIALIZED_AUTOS = YES_AGGRESSIVE;
				GCC_WARN_UNUSED_FUNCTION = YES;
				GCC_WARN_UNUSED_VARIABLE = YES;
				IPHONEOS_DEPLOYMENT_TARGET = 17.0;
				LOCALIZATION_PREFERS_STRING_CATALOGS = YES;
				MTL_ENABLE_DEBUG_INFO = INCLUDE_SOURCE;
				MTL_FAST_MATH = YES;
				ONLY_ACTIVE_ARCH = YES;
				SDKROOT = iphoneos;
				SWIFT_ACTIVE_COMPILATION_CONDITIONS = "DEBUG $(inherited)";
				SWIFT_OPTIMIZATION_LEVEL = "-Onone";
			};
			name = Debug;
		};
		5C38E0B12B57101C00597581 /* Release */ = {
			isa = XCBuildConfiguration;
			buildSettings = {
				ALWAYS_SEARCH_USER_PATHS = NO;
				ASSETCATALOG_COMPILER_GENERATE_SWIFT_ASSET_SYMBOL_EXTENSIONS = YES;
				CLANG_ANALYZER_NONNULL = YES;
				CLANG_ANALYZER_NUMBER_OBJECT_CONVERSION = YES_AGGRESSIVE;
				CLANG_CXX_LANGUAGE_STANDARD = "gnu++20";
				CLANG_ENABLE_MODULES = YES;
				CLANG_ENABLE_OBJC_ARC = YES;
				CLANG_ENABLE_OBJC_WEAK = YES;
				CLANG_WARN_BLOCK_CAPTURE_AUTORELEASING = YES;
				CLANG_WARN_BOOL_CONVERSION = YES;
				CLANG_WARN_COMMA = YES;
				CLANG_WARN_CONSTANT_CONVERSION = YES;
				CLANG_WARN_DEPRECATED_OBJC_IMPLEMENTATIONS = YES;
				CLANG_WARN_DIRECT_OBJC_ISA_USAGE = YES_ERROR;
				CLANG_WARN_DOCUMENTATION_COMMENTS = YES;
				CLANG_WARN_EMPTY_BODY = YES;
				CLANG_WARN_ENUM_CONVERSION = YES;
				CLANG_WARN_INFINITE_RECURSION = YES;
				CLANG_WARN_INT_CONVERSION = YES;
				CLANG_WARN_NON_LITERAL_NULL_CONVERSION = YES;
				CLANG_WARN_OBJC_IMPLICIT_RETAIN_SELF = YES;
				CLANG_WARN_OBJC_LITERAL_CONVERSION = YES;
				CLANG_WARN_OBJC_ROOT_CLASS = YES_ERROR;
				CLANG_WARN_QUOTED_INCLUDE_IN_FRAMEWORK_HEADER = YES;
				CLANG_WARN_RANGE_LOOP_ANALYSIS = YES;
				CLANG_WARN_STRICT_PROTOTYPES = YES;
				CLANG_WARN_SUSPICIOUS_MOVE = YES;
				CLANG_WARN_UNGUARDED_AVAILABILITY = YES_AGGRESSIVE;
				CLANG_WARN_UNREACHABLE_CODE = YES;
				CLANG_WARN__DUPLICATE_METHOD_MATCH = YES;
				COPY_PHASE_STRIP = NO;
				DEBUG_INFORMATION_FORMAT = "dwarf-with-dsym";
				ENABLE_NS_ASSERTIONS = NO;
				ENABLE_STRICT_OBJC_MSGSEND = YES;
				ENABLE_USER_SCRIPT_SANDBOXING = YES;
				GCC_C_LANGUAGE_STANDARD = gnu17;
				GCC_NO_COMMON_BLOCKS = YES;
				GCC_WARN_64_TO_32_BIT_CONVERSION = YES;
				GCC_WARN_ABOUT_RETURN_TYPE = YES_ERROR;
				GCC_WARN_UNDECLARED_SELECTOR = YES;
				GCC_WARN_UNINITIALIZED_AUTOS = YES_AGGRESSIVE;
				GCC_WARN_UNUSED_FUNCTION = YES;
				GCC_WARN_UNUSED_VARIABLE = YES;
				IPHONEOS_DEPLOYMENT_TARGET = 17.0;
				LOCALIZATION_PREFERS_STRING_CATALOGS = YES;
				MTL_ENABLE_DEBUG_INFO = NO;
				MTL_FAST_MATH = YES;
				SDKROOT = iphoneos;
				SWIFT_COMPILATION_MODE = wholemodule;
				VALIDATE_PRODUCT = YES;
			};
			name = Release;
		};
		5C38E0B32B57101C00597581 /* Debug */ = {
			isa = XCBuildConfiguration;
			buildSettings = {
				ASSETCATALOG_COMPILER_APPICON_NAME = AppIcon;
				ASSETCATALOG_COMPILER_GLOBAL_ACCENT_COLOR_NAME = AccentColor;
				CODE_SIGN_STYLE = Automatic;
				CURRENT_PROJECT_VERSION = 1;
				DEVELOPMENT_TEAM = XKL79HG97M;
				GENERATE_INFOPLIST_FILE = YES;
				INFOPLIST_FILE = SwiftPrework/Info.plist;
				INFOPLIST_KEY_UIApplicationSupportsIndirectInputEvents = YES;
				INFOPLIST_KEY_UILaunchStoryboardName = LaunchScreen;
				INFOPLIST_KEY_UIMainStoryboardFile = Main;
				INFOPLIST_KEY_UISupportedInterfaceOrientations_iPad = "UIInterfaceOrientationPortrait UIInterfaceOrientationPortraitUpsideDown UIInterfaceOrientationLandscapeLeft UIInterfaceOrientationLandscapeRight";
				INFOPLIST_KEY_UISupportedInterfaceOrientations_iPhone = "UIInterfaceOrientationPortrait UIInterfaceOrientationLandscapeLeft UIInterfaceOrientationLandscapeRight";
				LD_RUNPATH_SEARCH_PATHS = (
					"$(inherited)",
					"@executable_path/Frameworks",
				);
				MARKETING_VERSION = 1.0;
				PRODUCT_BUNDLE_IDENTIFIER = CodePath.SwiftPrework;
				PRODUCT_NAME = "$(TARGET_NAME)";
				SWIFT_EMIT_LOC_STRINGS = YES;
				SWIFT_VERSION = 5.0;
				TARGETED_DEVICE_FAMILY = "1,2";
			};
			name = Debug;
		};
		5C38E0B42B57101C00597581 /* Release */ = {
			isa = XCBuildConfiguration;
			buildSettings = {
				ASSETCATALOG_COMPILER_APPICON_NAME = AppIcon;
				ASSETCATALOG_COMPILER_GLOBAL_ACCENT_COLOR_NAME = AccentColor;
				CODE_SIGN_STYLE = Automatic;
				CURRENT_PROJECT_VERSION = 1;
				DEVELOPMENT_TEAM = XKL79HG97M;
				GENERATE_INFOPLIST_FILE = YES;
				INFOPLIST_FILE = SwiftPrework/Info.plist;
				INFOPLIST_KEY_UIApplicationSupportsIndirectInputEvents = YES;
				INFOPLIST_KEY_UILaunchStoryboardName = LaunchScreen;
				INFOPLIST_KEY_UIMainStoryboardFile = Main;
				INFOPLIST_KEY_UISupportedInterfaceOrientations_iPad = "UIInterfaceOrientationPortrait UIInterfaceOrientationPortraitUpsideDown UIInterfaceOrientationLandscapeLeft UIInterfaceOrientationLandscapeRight";
				INFOPLIST_KEY_UISupportedInterfaceOrientations_iPhone = "UIInterfaceOrientationPortrait UIInterfaceOrientationLandscapeLeft UIInterfaceOrientationLandscapeRight";
				LD_RUNPATH_SEARCH_PATHS = (
					"$(inherited)",
					"@executable_path/Frameworks",
				);
				MARKETING_VERSION = 1.0;
				PRODUCT_BUNDLE_IDENTIFIER = CodePath.SwiftPrework;
				PRODUCT_NAME = "$(TARGET_NAME)";
				SWIFT_EMIT_LOC_STRINGS = YES;
				SWIFT_VERSION = 5.0;
				TARGETED_DEVICE_FAMILY = "1,2";
			};
			name = Release;
		};
		5C38E0B62B57101C00597581 /* Debug */ = {
			isa = XCBuildConfiguration;
			buildSettings = {
				ALWAYS_EMBED_SWIFT_STANDARD_LIBRARIES = YES;
				BUNDLE_LOADER = "$(TEST_HOST)";
				CODE_SIGN_STYLE = Automatic;
				CURRENT_PROJECT_VERSION = 1;
				DEVELOPMENT_TEAM = XKL79HG97M;
				GENERATE_INFOPLIST_FILE = YES;
				IPHONEOS_DEPLOYMENT_TARGET = 17.0;
				MARKETING_VERSION = 1.0;
				PRODUCT_BUNDLE_IDENTIFIER = CodePath.SwiftPreworkTests;
				PRODUCT_NAME = "$(TARGET_NAME)";
				SWIFT_EMIT_LOC_STRINGS = NO;
				SWIFT_VERSION = 5.0;
				TARGETED_DEVICE_FAMILY = "1,2";
				TEST_HOST = "$(BUILT_PRODUCTS_DIR)/SwiftPrework.app/$(BUNDLE_EXECUTABLE_FOLDER_PATH)/SwiftPrework";
			};
			name = Debug;
		};
		5C38E0B72B57101C00597581 /* Release */ = {
			isa = XCBuildConfiguration;
			buildSettings = {
				ALWAYS_EMBED_SWIFT_STANDARD_LIBRARIES = YES;
				BUNDLE_LOADER = "$(TEST_HOST)";
				CODE_SIGN_STYLE = Automatic;
				CURRENT_PROJECT_VERSION = 1;
				DEVELOPMENT_TEAM = XKL79HG97M;
				GENERATE_INFOPLIST_FILE = YES;
				IPHONEOS_DEPLOYMENT_TARGET = 17.0;
				MARKETING_VERSION = 1.0;
				PRODUCT_BUNDLE_IDENTIFIER = CodePath.SwiftPreworkTests;
				PRODUCT_NAME = "$(TARGET_NAME)";
				SWIFT_EMIT_LOC_STRINGS = NO;
				SWIFT_VERSION = 5.0;
				TARGETED_DEVICE_FAMILY = "1,2";
				TEST_HOST = "$(BUILT_PRODUCTS_DIR)/SwiftPrework.app/$(BUNDLE_EXECUTABLE_FOLDER_PATH)/SwiftPrework";
			};
			name = Release;
		};
		5C38E0B92B57101C00597581 /* Debug */ = {
			isa = XCBuildConfiguration;
			buildSettings = {
				ALWAYS_EMBED_SWIFT_STANDARD_LIBRARIES = YES;
				CODE_SIGN_STYLE = Automatic;
				CURRENT_PROJECT_VERSION = 1;
				DEVELOPMENT_TEAM = XKL79HG97M;
				GENERATE_INFOPLIST_FILE = YES;
				MARKETING_VERSION = 1.0;
				PRODUCT_BUNDLE_IDENTIFIER = CodePath.SwiftPreworkUITests;
				PRODUCT_NAME = "$(TARGET_NAME)";
				SWIFT_EMIT_LOC_STRINGS = NO;
				SWIFT_VERSION = 5.0;
				TARGETED_DEVICE_FAMILY = "1,2";
				TEST_TARGET_NAME = SwiftPrework;
			};
			name = Debug;
		};
		5C38E0BA2B57101C00597581 /* Release */ = {
			isa = XCBuildConfiguration;
			buildSettings = {
				ALWAYS_EMBED_SWIFT_STANDARD_LIBRARIES = YES;
				CODE_SIGN_STYLE = Automatic;
				CURRENT_PROJECT_VERSION = 1;
				DEVELOPMENT_TEAM = XKL79HG97M;
				GENERATE_INFOPLIST_FILE = YES;
				MARKETING_VERSION = 1.0;
				PRODUCT_BUNDLE_IDENTIFIER = CodePath.SwiftPreworkUITests;
				PRODUCT_NAME = "$(TARGET_NAME)";
				SWIFT_EMIT_LOC_STRINGS = NO;
				SWIFT_VERSION = 5.0;
				TARGETED_DEVICE_FAMILY = "1,2";
				TEST_TARGET_NAME = SwiftPrework;
			};
			name = Release;
		};
/* End XCBuildConfiguration section */

/* Begin XCConfigurationList section */
		5C38E0832B57101A00597581 /* Build configuration list for PBXProject "SwiftPrework" */ = {
			isa = XCConfigurationList;
			buildConfigurations = (
				5C38E0B02B57101C00597581 /* Debug */,
				5C38E0B12B57101C00597581 /* Release */,
			);
			defaultConfigurationIsVisible = 0;
			defaultConfigurationName = Release;
		};
		5C38E0B22B57101C00597581 /* Build configuration list for PBXNativeTarget "SwiftPrework" */ = {
			isa = XCConfigurationList;
			buildConfigurations = (
				5C38E0B32B57101C00597581 /* Debug */,
				5C38E0B42B57101C00597581 /* Release */,
			);
			defaultConfigurationIsVisible = 0;
			defaultConfigurationName = Release;
		};
		5C38E0B52B57101C00597581 /* Build configuration list for PBXNativeTarget "SwiftPreworkTests" */ = {
			isa = XCConfigurationList;
			buildConfigurations = (
				5C38E0B62B57101C00597581 /* Debug */,
				5C38E0B72B57101C00597581 /* Release */,
			);
			defaultConfigurationIsVisible = 0;
			defaultConfigurationName = Release;
		};
		5C38E0B82B57101C00597581 /* Build configuration list for PBXNativeTarget "SwiftPreworkUITests" */ = {
			isa = XCConfigurationList;
			buildConfigurations = (
				5C38E0B92B57101C00597581 /* Debug */,
				5C38E0BA2B57101C00597581 /* Release */,
			);
			defaultConfigurationIsVisible = 0;
			defaultConfigurationName = Release;
		};
/* End XCConfigurationList section */
	};
	rootObject = 5C38E0802B57101A00597581 /* Project object */;
}
